
Microsoft Visual Studio Solution File, Format Version 12.00
# Visual Studio Version 17
VisualStudioVersion = 17.3.32929.385
MinimumVisualStudioVersion = 10.0.40219.1
Project("{9A19103F-16F7-4668-BE54-9A1E7A4F7556}") = "WebApi", "WebApi\WebApi.csproj", "{95CC052C-942E-47F9-8D9F-7BDBA7A4CA66}"
EndProject
Project("{FAE04EC0-301F-11D3-BF4B-00C04F79EFBC}") = "SharedApi", "SharedApi\SharedApi.csproj", "{291A0B44-FCC4-425F-9EA5-BCCC655CCF55}"
EndProject
Global
	GlobalSection(SolutionConfigurationPlatforms) = preSolution
		Debug|Any CPU = Debug|Any CPU
		Release|Any CPU = Release|Any CPU
	EndGlobalSection
	GlobalSection(ProjectConfigurationPlatforms) = postSolution
		{95CC052C-942E-47F9-8D9F-7BDBA7A4CA66}.Debug|Any CPU.ActiveCfg = Debug|Any CPU
		{95CC052C-942E-47F9-8D9F-7BDBA7A4CA66}.Debug|Any CPU.Build.0 = Debug|Any CPU
		{95CC052C-942E-47F9-8D9F-7BDBA7A4CA66}.Release|Any CPU.ActiveCfg = Release|Any CPU
		{95CC052C-942E-47F9-8D9F-7BDBA7A4CA66}.Release|Any CPU.Build.0 = Release|Any CPU
		{291A0B44-FCC4-425F-9EA5-BCCC655CCF55}.Debug|Any CPU.ActiveCfg = Debug|Any CPU
		{291A0B44-FCC4-425F-9EA5-BCCC655CCF55}.Debug|Any CPU.Build.0 = Debug|Any CPU
		{291A0B44-FCC4-425F-9EA5-BCCC655CCF55}.Release|Any CPU.ActiveCfg = Release|Any CPU
		{291A0B44-FCC4-425F-9EA5-BCCC655CCF55}.Release|Any CPU.Build.0 = Release|Any CPU
	EndGlobalSection
	GlobalSection(SolutionProperties) = preSolution
		HideSolutionNode = FALSE
	EndGlobalSection
	GlobalSection(ExtensibilityGlobals) = postSolution
		SolutionGuid = {2068EFEF-8D1C-4039-B36F-2A97EDD20B38}
	EndGlobalSection
EndGlobal
